// !$*UTF8*$!
{
	archiveVersion = 1;
	classes = {
	};
	objectVersion = 46;
	objects = {

/* Begin PBXBuildFile section */
		221BDE56406B5DF582200BB8 /* Pods_LearnPods.framework in Frameworks */ = {isa = PBXBuildFile; fileRef = 3B9DF513932C1A2FA9EFAD57 /* Pods_LearnPods.framework */; };
		79C90A211FC68C9A0030C058 /* CoreDataStack.swift in Sources */ = {isa = PBXBuildFile; fileRef = 79C90A1E1FC68C9A0030C058 /* CoreDataStack.swift */; };
		79C90A221FC68C9A0030C058 /* LearnPodsData.xcdatamodeld in Sources */ = {isa = PBXBuildFile; fileRef = 79C90A1F1FC68C9A0030C058 /* LearnPodsData.xcdatamodeld */; };
		79C90A271FC68CDC0030C058 /* USERS+CoreDataClass.swift in Sources */ = {isa = PBXBuildFile; fileRef = 79C90A231FC68CDC0030C058 /* USERS+CoreDataClass.swift */; };
		79C90A281FC68CDC0030C058 /* USERS+CoreDataProperties.swift in Sources */ = {isa = PBXBuildFile; fileRef = 79C90A241FC68CDC0030C058 /* USERS+CoreDataProperties.swift */; };
		79C90A291FC68CDC0030C058 /* UserData+CoreDataClass.swift in Sources */ = {isa = PBXBuildFile; fileRef = 79C90A251FC68CDC0030C058 /* UserData+CoreDataClass.swift */; };
		79C90A2A1FC68CDC0030C058 /* UserData+CoreDataProperties.swift in Sources */ = {isa = PBXBuildFile; fileRef = 79C90A261FC68CDC0030C058 /* UserData+CoreDataProperties.swift */; };
		79C90A2D1FC691A00030C058 /* DetailsViewController.swift in Sources */ = {isa = PBXBuildFile; fileRef = 79C90A2B1FC691A00030C058 /* DetailsViewController.swift */; };
		79C90A2E1FC691A00030C058 /* UserDetailsMap.swift in Sources */ = {isa = PBXBuildFile; fileRef = 79C90A2C1FC691A00030C058 /* UserDetailsMap.swift */; };
		9BEAAE241EDEF74600404E81 /* SimpleTableView.swift in Sources */ = {isa = PBXBuildFile; fileRef = 9BEAAE231EDEF74600404E81 /* SimpleTableView.swift */; };
		9BEAAE261EDEF8CB00404E81 /* SimpleTableViewCell.swift in Sources */ = {isa = PBXBuildFile; fileRef = 9BEAAE251EDEF8CB00404E81 /* SimpleTableViewCell.swift */; };
		E4017FF11EDC4F2C008FD4C2 /* AppDelegate.swift in Sources */ = {isa = PBXBuildFile; fileRef = E4017FF01EDC4F2C008FD4C2 /* AppDelegate.swift */; };
		E4017FF31EDC4F2C008FD4C2 /* ViewController.swift in Sources */ = {isa = PBXBuildFile; fileRef = E4017FF21EDC4F2C008FD4C2 /* ViewController.swift */; };
		E4017FF61EDC4F2C008FD4C2 /* Main.storyboard in Resources */ = {isa = PBXBuildFile; fileRef = E4017FF41EDC4F2C008FD4C2 /* Main.storyboard */; };
		E4017FF81EDC4F2C008FD4C2 /* Assets.xcassets in Resources */ = {isa = PBXBuildFile; fileRef = E4017FF71EDC4F2C008FD4C2 /* Assets.xcassets */; };
		E4017FFB1EDC4F2C008FD4C2 /* LaunchScreen.storyboard in Resources */ = {isa = PBXBuildFile; fileRef = E4017FF91EDC4F2C008FD4C2 /* LaunchScreen.storyboard */; };
		E410C9661F13AE2600787C6E /* UserInfo.swift in Sources */ = {isa = PBXBuildFile; fileRef = E410C9651F13AE2600787C6E /* UserInfo.swift */; };
/* End PBXBuildFile section */

/* Begin PBXFileReference section */
		3B9DF513932C1A2FA9EFAD57 /* Pods_LearnPods.framework */ = {isa = PBXFileReference; explicitFileType = wrapper.framework; includeInIndex = 0; path = Pods_LearnPods.framework; sourceTree = BUILT_PRODUCTS_DIR; };
		79C90A1E1FC68C9A0030C058 /* CoreDataStack.swift */ = {isa = PBXFileReference; fileEncoding = 4; lastKnownFileType = sourcecode.swift; path = CoreDataStack.swift; sourceTree = "<group>"; };
		79C90A201FC68C9A0030C058 /* LearnPodsData.xcdatamodel */ = {isa = PBXFileReference; lastKnownFileType = wrapper.xcdatamodel; path = LearnPodsData.xcdatamodel; sourceTree = "<group>"; };
		79C90A231FC68CDC0030C058 /* USERS+CoreDataClass.swift */ = {isa = PBXFileReference; lastKnownFileType = sourcecode.swift; path = "USERS+CoreDataClass.swift"; sourceTree = "<group>"; };
		79C90A241FC68CDC0030C058 /* USERS+CoreDataProperties.swift */ = {isa = PBXFileReference; lastKnownFileType = sourcecode.swift; path = "USERS+CoreDataProperties.swift"; sourceTree = "<group>"; };
		79C90A251FC68CDC0030C058 /* UserData+CoreDataClass.swift */ = {isa = PBXFileReference; lastKnownFileType = sourcecode.swift; path = "UserData+CoreDataClass.swift"; sourceTree = "<group>"; };
		79C90A261FC68CDC0030C058 /* UserData+CoreDataProperties.swift */ = {isa = PBXFileReference; lastKnownFileType = sourcecode.swift; path = "UserData+CoreDataProperties.swift"; sourceTree = "<group>"; };
		79C90A2B1FC691A00030C058 /* DetailsViewController.swift */ = {isa = PBXFileReference; fileEncoding = 4; lastKnownFileType = sourcecode.swift; path = DetailsViewController.swift; sourceTree = "<group>"; };
		79C90A2C1FC691A00030C058 /* UserDetailsMap.swift */ = {isa = PBXFileReference; fileEncoding = 4; lastKnownFileType = sourcecode.swift; path = UserDetailsMap.swift; sourceTree = "<group>"; };
		9BEAAE231EDEF74600404E81 /* SimpleTableView.swift */ = {isa = PBXFileReference; fileEncoding = 4; lastKnownFileType = sourcecode.swift; path = SimpleTableView.swift; sourceTree = "<group>"; };
		9BEAAE251EDEF8CB00404E81 /* SimpleTableViewCell.swift */ = {isa = PBXFileReference; fileEncoding = 4; lastKnownFileType = sourcecode.swift; path = SimpleTableViewCell.swift; sourceTree = "<group>"; };
		CFF680BE7DC163DAAF9E4557 /* Pods-LearnPods.debug.xcconfig */ = {isa = PBXFileReference; includeInIndex = 1; lastKnownFileType = text.xcconfig; name = "Pods-LearnPods.debug.xcconfig"; path = "Pods/Target Support Files/Pods-LearnPods/Pods-LearnPods.debug.xcconfig"; sourceTree = "<group>"; };
		D5AB06A2C7AEBF6624BEDE83 /* Pods-LearnPods.release.xcconfig */ = {isa = PBXFileReference; includeInIndex = 1; lastKnownFileType = text.xcconfig; name = "Pods-LearnPods.release.xcconfig"; path = "Pods/Target Support Files/Pods-LearnPods/Pods-LearnPods.release.xcconfig"; sourceTree = "<group>"; };
		E4017FED1EDC4F2C008FD4C2 /* LearnPods.app */ = {isa = PBXFileReference; explicitFileType = wrapper.application; includeInIndex = 0; path = LearnPods.app; sourceTree = BUILT_PRODUCTS_DIR; };
		E4017FF01EDC4F2C008FD4C2 /* AppDelegate.swift */ = {isa = PBXFileReference; lastKnownFileType = sourcecode.swift; path = AppDelegate.swift; sourceTree = "<group>"; };
		E4017FF21EDC4F2C008FD4C2 /* ViewController.swift */ = {isa = PBXFileReference; lastKnownFileType = sourcecode.swift; path = ViewController.swift; sourceTree = "<group>"; };
		E4017FF51EDC4F2C008FD4C2 /* Base */ = {isa = PBXFileReference; lastKnownFileType = file.storyboard; name = Base; path = Base.lproj/Main.storyboard; sourceTree = "<group>"; };
		E4017FF71EDC4F2C008FD4C2 /* Assets.xcassets */ = {isa = PBXFileReference; lastKnownFileType = folder.assetcatalog; path = Assets.xcassets; sourceTree = "<group>"; };
		E4017FFA1EDC4F2C008FD4C2 /* Base */ = {isa = PBXFileReference; lastKnownFileType = file.storyboard; name = Base; path = Base.lproj/LaunchScreen.storyboard; sourceTree = "<group>"; };
		E4017FFC1EDC4F2C008FD4C2 /* Info.plist */ = {isa = PBXFileReference; lastKnownFileType = text.plist.xml; path = Info.plist; sourceTree = "<group>"; };
		E40180021EDC6148008FD4C2 /* EasyPeasy.framework */ = {isa = PBXFileReference; lastKnownFileType = wrapper.framework; name = EasyPeasy.framework; path = "../../../../Library/Developer/Xcode/DerivedData/LearnPods-cadwxulslifhxbesuqpujftiuidp/Build/Products/Debug-iphonesimulator/EasyPeasy/EasyPeasy.framework"; sourceTree = "<group>"; };
		E410C9651F13AE2600787C6E /* UserInfo.swift */ = {isa = PBXFileReference; fileEncoding = 4; lastKnownFileType = sourcecode.swift; path = UserInfo.swift; sourceTree = "<group>"; };
/* End PBXFileReference section */

/* Begin PBXFrameworksBuildPhase section */
		E4017FEA1EDC4F2C008FD4C2 /* Frameworks */ = {
			isa = PBXFrameworksBuildPhase;
			buildActionMask = 2147483647;
			files = (
				221BDE56406B5DF582200BB8 /* Pods_LearnPods.framework in Frameworks */,
			);
			runOnlyForDeploymentPostprocessing = 0;
		};
/* End PBXFrameworksBuildPhase section */

/* Begin PBXGroup section */
		51CA205E520E89862C74085F /* Frameworks */ = {
			isa = PBXGroup;
			children = (
				E40180021EDC6148008FD4C2 /* EasyPeasy.framework */,
				3B9DF513932C1A2FA9EFAD57 /* Pods_LearnPods.framework */,
			);
			name = Frameworks;
			sourceTree = "<group>";
		};
		AF478DE85ED5C34D73832DAF /* Pods */ = {
			isa = PBXGroup;
			children = (
				CFF680BE7DC163DAAF9E4557 /* Pods-LearnPods.debug.xcconfig */,
				D5AB06A2C7AEBF6624BEDE83 /* Pods-LearnPods.release.xcconfig */,
			);
			name = Pods;
			sourceTree = "<group>";
		};
		E4017FE41EDC4F2C008FD4C2 = {
			isa = PBXGroup;
			children = (
				E4017FEF1EDC4F2C008FD4C2 /* LearnPods */,
				E4017FEE1EDC4F2C008FD4C2 /* Products */,
				AF478DE85ED5C34D73832DAF /* Pods */,
				51CA205E520E89862C74085F /* Frameworks */,
			);
			sourceTree = "<group>";
		};
		E4017FEE1EDC4F2C008FD4C2 /* Products */ = {
			isa = PBXGroup;
			children = (
				E4017FED1EDC4F2C008FD4C2 /* LearnPods.app */,
			);
			name = Products;
			sourceTree = "<group>";
		};
		E4017FEF1EDC4F2C008FD4C2 /* LearnPods */ = {
			isa = PBXGroup;
			children = (
				E4017FF01EDC4F2C008FD4C2 /* AppDelegate.swift */,
				E4017FF71EDC4F2C008FD4C2 /* Assets.xcassets */,
				79C90A1E1FC68C9A0030C058 /* CoreDataStack.swift */,
				79C90A2B1FC691A00030C058 /* DetailsViewController.swift */,
				E4017FFC1EDC4F2C008FD4C2 /* Info.plist */,
				E4017FF91EDC4F2C008FD4C2 /* LaunchScreen.storyboard */,
				79C90A1F1FC68C9A0030C058 /* LearnPodsData.xcdatamodeld */,
				E4017FF41EDC4F2C008FD4C2 /* Main.storyboard */,
				9BEAAE231EDEF74600404E81 /* SimpleTableView.swift */,
				9BEAAE251EDEF8CB00404E81 /* SimpleTableViewCell.swift */,
				79C90A251FC68CDC0030C058 /* UserData+CoreDataClass.swift */,
				79C90A261FC68CDC0030C058 /* UserData+CoreDataProperties.swift */,
				79C90A2C1FC691A00030C058 /* UserDetailsMap.swift */,
				E410C9651F13AE2600787C6E /* UserInfo.swift */,
				79C90A231FC68CDC0030C058 /* USERS+CoreDataClass.swift */,
				79C90A241FC68CDC0030C058 /* USERS+CoreDataProperties.swift */,
				E4017FF21EDC4F2C008FD4C2 /* ViewController.swift */,
			);
			path = LearnPods;
			sourceTree = "<group>";
		};
/* End PBXGroup section */

/* Begin PBXNativeTarget section */
		E4017FEC1EDC4F2C008FD4C2 /* LearnPods */ = {
			isa = PBXNativeTarget;
			buildConfigurationList = E4017FFF1EDC4F2C008FD4C2 /* Build configuration list for PBXNativeTarget "LearnPods" */;
			buildPhases = (
				452F6C5306F91354D1EC556E /* [CP] Check Pods Manifest.lock */,
				E4017FE91EDC4F2C008FD4C2 /* Sources */,
				E4017FEA1EDC4F2C008FD4C2 /* Frameworks */,
				E4017FEB1EDC4F2C008FD4C2 /* Resources */,
				162418497C9FEF6DEB222866 /* [CP] Embed Pods Frameworks */,
				D1FACC5D7D91F96DE0A4078D /* [CP] Copy Pods Resources */,
			);
			buildRules = (
			);
			dependencies = (
			);
			name = LearnPods;
			productName = LearnPods;
			productReference = E4017FED1EDC4F2C008FD4C2 /* LearnPods.app */;
			productType = "com.apple.product-type.application";
		};
/* End PBXNativeTarget section */

/* Begin PBXProject section */
		E4017FE51EDC4F2C008FD4C2 /* Project object */ = {
			isa = PBXProject;
			attributes = {
				LastSwiftUpdateCheck = 0830;
				LastUpgradeCheck = 0830;
				ORGANIZATIONNAME = "Yao Lu";
				TargetAttributes = {
					E4017FEC1EDC4F2C008FD4C2 = {
						CreatedOnToolsVersion = 8.3.2;
						ProvisioningStyle = Automatic;
					};
				};
			};
			buildConfigurationList = E4017FE81EDC4F2C008FD4C2 /* Build configuration list for PBXProject "LearnPods" */;
			compatibilityVersion = "Xcode 3.2";
			developmentRegion = English;
			hasScannedForEncodings = 0;
			knownRegions = (
				en,
				Base,
			);
			mainGroup = E4017FE41EDC4F2C008FD4C2;
			productRefGroup = E4017FEE1EDC4F2C008FD4C2 /* Products */;
			projectDirPath = "";
			projectRoot = "";
			targets = (
				E4017FEC1EDC4F2C008FD4C2 /* LearnPods */,
			);
		};
/* End PBXProject section */

/* Begin PBXResourcesBuildPhase section */
		E4017FEB1EDC4F2C008FD4C2 /* Resources */ = {
			isa = PBXResourcesBuildPhase;
			buildActionMask = 2147483647;
			files = (
				E4017FFB1EDC4F2C008FD4C2 /* LaunchScreen.storyboard in Resources */,
				E4017FF81EDC4F2C008FD4C2 /* Assets.xcassets in Resources */,
				E4017FF61EDC4F2C008FD4C2 /* Main.storyboard in Resources */,
			);
			runOnlyForDeploymentPostprocessing = 0;
		};
/* End PBXResourcesBuildPhase section */

/* Begin PBXShellScriptBuildPhase section */
		162418497C9FEF6DEB222866 /* [CP] Embed Pods Frameworks */ = {
			isa = PBXShellScriptBuildPhase;
			buildActionMask = 2147483647;
			files = (
			);
			inputPaths = (
			);
			name = "[CP] Embed Pods Frameworks";
			outputPaths = (
			);
			runOnlyForDeploymentPostprocessing = 0;
			shellPath = /bin/sh;
			shellScript = "\"${SRCROOT}/Pods/Target Support Files/Pods-LearnPods/Pods-LearnPods-frameworks.sh\"\n";
			showEnvVarsInLog = 0;
		};
		452F6C5306F91354D1EC556E /* [CP] Check Pods Manifest.lock */ = {
			isa = PBXShellScriptBuildPhase;
			buildActionMask = 2147483647;
			files = (
			);
			inputPaths = (
			);
			name = "[CP] Check Pods Manifest.lock";
			outputPaths = (
			);
			runOnlyForDeploymentPostprocessing = 0;
			shellPath = /bin/sh;
			shellScript = "diff \"${PODS_PODFILE_DIR_PATH}/Podfile.lock\" \"${PODS_ROOT}/Manifest.lock\" > /dev/null\nif [ $? != 0 ] ; then\n    # print error to STDERR\n    echo \"error: The sandbox is not in sync with the Podfile.lock. Run 'pod install' or update your CocoaPods installation.\" >&2\n    exit 1\nfi\n";
			showEnvVarsInLog = 0;
		};
		D1FACC5D7D91F96DE0A4078D /* [CP] Copy Pods Resources */ = {
			isa = PBXShellScriptBuildPhase;
			buildActionMask = 2147483647;
			files = (
			);
			inputPaths = (
			);
			name = "[CP] Copy Pods Resources";
			outputPaths = (
			);
			runOnlyForDeploymentPostprocessing = 0;
			shellPath = /bin/sh;
			shellScript = "\"${SRCROOT}/Pods/Target Support Files/Pods-LearnPods/Pods-LearnPods-resources.sh\"\n";
			showEnvVarsInLog = 0;
		};
/* End PBXShellScriptBuildPhase section */

/* Begin PBXSourcesBuildPhase section */
		E4017FE91EDC4F2C008FD4C2 /* Sources */ = {
			isa = PBXSourcesBuildPhase;
			buildActionMask = 2147483647;
			files = (
				79C90A2A1FC68CDC0030C058 /* UserData+CoreDataProperties.swift in Sources */,
				79C90A2E1FC691A00030C058 /* UserDetailsMap.swift in Sources */,
				79C90A291FC68CDC0030C058 /* UserData+CoreDataClass.swift in Sources */,
				E4017FF31EDC4F2C008FD4C2 /* ViewController.swift in Sources */,
				9BEAAE261EDEF8CB00404E81 /* SimpleTableViewCell.swift in Sources */,
				79C90A281FC68CDC0030C058 /* USERS+CoreDataProperties.swift in Sources */,
				79C90A271FC68CDC0030C058 /* USERS+CoreDataClass.swift in Sources */,
				9BEAAE241EDEF74600404E81 /* SimpleTableView.swift in Sources */,
				79C90A221FC68C9A0030C058 /* LearnPodsData.xcdatamodeld in Sources */,
				79C90A211FC68C9A0030C058 /* CoreDataStack.swift in Sources */,
				E410C9661F13AE2600787C6E /* UserInfo.swift in Sources */,
				E4017FF11EDC4F2C008FD4C2 /* AppDelegate.swift in Sources */,
				79C90A2D1FC691A00030C058 /* DetailsViewController.swift in Sources */,
			);
			runOnlyForDeploymentPostprocessing = 0;
		};
/* End PBXSourcesBuildPhase section */

/* Begin PBXVariantGroup section */
		E4017FF41EDC4F2C008FD4C2 /* Main.storyboard */ = {
			isa = PBXVariantGroup;
			children = (
				E4017FF51EDC4F2C008FD4C2 /* Base */,
			);
			name = Main.storyboard;
			sourceTree = "<group>";
		};
		E4017FF91EDC4F2C008FD4C2 /* LaunchScreen.storyboard */ = {
			isa = PBXVariantGroup;
			children = (
				E4017FFA1EDC4F2C008FD4C2 /* Base */,
			);
			name = LaunchScreen.storyboard;
			sourceTree = "<group>";
		};
/* End PBXVariantGroup section */

/* Begin XCBuildConfiguration section */
		E4017FFD1EDC4F2C008FD4C2 /* Debug */ = {
			isa = XCBuildConfiguration;
			buildSettings = {
				ALWAYS_SEARCH_USER_PATHS = NO;
				CLANG_ANALYZER_NONNULL = YES;
				CLANG_ANALYZER_NUMBER_OBJECT_CONVERSION = YES_AGGRESSIVE;
				CLANG_CXX_LANGUAGE_STANDARD = "gnu++0x";
				CLANG_CXX_LIBRARY = "libc++";
				CLANG_ENABLE_MODULES = YES;
				CLANG_ENABLE_OBJC_ARC = YES;
				CLANG_WARN_BOOL_CONVERSION = YES;
				CLANG_WARN_CONSTANT_CONVERSION = YES;
				CLANG_WARN_DIRECT_OBJC_ISA_USAGE = YES_ERROR;
				CLANG_WARN_DOCUMENTATION_COMMENTS = YES;
				CLANG_WARN_EMPTY_BODY = YES;
				CLANG_WARN_ENUM_CONVERSION = YES;
				CLANG_WARN_INFINITE_RECURSION = YES;
				CLANG_WARN_INT_CONVERSION = YES;
				CLANG_WARN_OBJC_ROOT_CLASS = YES_ERROR;
				CLANG_WARN_SUSPICIOUS_MOVE = YES;
				CLANG_WARN_UNREACHABLE_CODE = YES;
				CLANG_WARN__DUPLICATE_METHOD_MATCH = YES;
				"CODE_SIGN_IDENTITY[sdk=iphoneos*]" = "iPhone Developer";
				COPY_PHASE_STRIP = NO;
				DEBUG_INFORMATION_FORMAT = dwarf;
				ENABLE_STRICT_OBJC_MSGSEND = YES;
				ENABLE_TESTABILITY = YES;
				GCC_C_LANGUAGE_STANDARD = gnu99;
				GCC_DYNAMIC_NO_PIC = NO;
				GCC_NO_COMMON_BLOCKS = YES;
				GCC_OPTIMIZATION_LEVEL = 0;
				GCC_PREPROCESSOR_DEFINITIONS = (
					"DEBUG=1",
					"$(inherited)",
				);
				GCC_WARN_64_TO_32_BIT_CONVERSION = YES;
				GCC_WARN_ABOUT_RETURN_TYPE = YES_ERROR;
				GCC_WARN_UNDECLARED_SELECTOR = YES;
				GCC_WARN_UNINITIALIZED_AUTOS = YES_AGGRESSIVE;
				GCC_WARN_UNUSED_FUNCTION = YES;
				GCC_WARN_UNUSED_VARIABLE = YES;
				IPHONEOS_DEPLOYMENT_TARGET = 10.3;
				MTL_ENABLE_DEBUG_INFO = YES;
				ONLY_ACTIVE_ARCH = YES;
				SDKROOT = iphoneos;
				SWIFT_ACTIVE_COMPILATION_CONDITIONS = DEBUG;
				SWIFT_OPTIMIZATION_LEVEL = "-Onone";
				TARGETED_DEVICE_FAMILY = "1,2";
			};
			name = Debug;
		};
		E4017FFE1EDC4F2C008FD4C2 /* Release */ = {
			isa = XCBuildConfiguration;
			buildSettings = {
				ALWAYS_SEARCH_USER_PATHS = NO;
				CLANG_ANALYZER_NONNULL = YES;
				CLANG_ANALYZER_NUMBER_OBJECT_CONVERSION = YES_AGGRESSIVE;
				CLANG_CXX_LANGUAGE_STANDARD = "gnu++0x";
				CLANG_CXX_LIBRARY = "libc++";
				CLANG_ENABLE_MODULES = YES;
				CLANG_ENABLE_OBJC_ARC = YES;
				CLANG_WARN_BOOL_CONVERSION = YES;
				CLANG_WARN_CONSTANT_CONVERSION = YES;
				CLANG_WARN_DIRECT_OBJC_ISA_USAGE = YES_ERROR;
				CLANG_WARN_DOCUMENTATION_COMMENTS = YES;
				CLANG_WARN_EMPTY_BODY = YES;
				CLANG_WARN_ENUM_CONVERSION = YES;
				CLANG_WARN_INFINITE_RECURSION = YES;
				CLANG_WARN_INT_CONVERSION = YES;
				CLANG_WARN_OBJC_ROOT_CLASS = YES_ERROR;
				CLANG_WARN_SUSPICIOUS_MOVE = YES;
				CLANG_WARN_UNREACHABLE_CODE = YES;
				CLANG_WARN__DUPLICATE_METHOD_MATCH = YES;
				"CODE_SIGN_IDENTITY[sdk=iphoneos*]" = "iPhone Developer";
				COPY_PHASE_STRIP = NO;
				DEBUG_INFORMATION_FORMAT = "dwarf-with-dsym";
				ENABLE_NS_ASSERTIONS = NO;
				ENABLE_STRICT_OBJC_MSGSEND = YES;
				GCC_C_LANGUAGE_STANDARD = gnu99;
				GCC_NO_COMMON_BLOCKS = YES;
				GCC_WARN_64_TO_32_BIT_CONVERSION = YES;
				GCC_WARN_ABOUT_RETURN_TYPE = YES_ERROR;
				GCC_WARN_UNDECLARED_SELECTOR = YES;
				GCC_WARN_UNINITIALIZED_AUTOS = YES_AGGRESSIVE;
				GCC_WARN_UNUSED_FUNCTION = YES;
				GCC_WARN_UNUSED_VARIABLE = YES;
				IPHONEOS_DEPLOYMENT_TARGET = 10.3;
				MTL_ENABLE_DEBUG_INFO = NO;
				SDKROOT = iphoneos;
				SWIFT_OPTIMIZATION_LEVEL = "-Owholemodule";
				TARGETED_DEVICE_FAMILY = "1,2";
				VALIDATE_PRODUCT = YES;
			};
			name = Release;
		};
		E40180001EDC4F2C008FD4C2 /* Debug */ = {
			isa = XCBuildConfiguration;
			baseConfigurationReference = CFF680BE7DC163DAAF9E4557 /* Pods-LearnPods.debug.xcconfig */;
			buildSettings = {
				ASSETCATALOG_COMPILER_APPICON_NAME = AppIcon;
				INFOPLIST_FILE = LearnPods/Info.plist;
				IPHONEOS_DEPLOYMENT_TARGET = 10.0;
				LD_RUNPATH_SEARCH_PATHS = "$(inherited) @executable_path/Frameworks";
				PRODUCT_BUNDLE_IDENTIFIER = com.somoplay.LearnPods;
				PRODUCT_NAME = "$(TARGET_NAME)";
				SWIFT_VERSION = 3.0;
			};
			name = Debug;
		};
		E40180011EDC4F2C008FD4C2 /* Release */ = {
			isa = XCBuildConfiguration;
			baseConfigurationReference = D5AB06A2C7AEBF6624BEDE83 /* Pods-LearnPods.release.xcconfig */;
			buildSettings = {
				ASSETCATALOG_COMPILER_APPICON_NAME = AppIcon;
				INFOPLIST_FILE = LearnPods/Info.plist;
				IPHONEOS_DEPLOYMENT_TARGET = 10.0;
				LD_RUNPATH_SEARCH_PATHS = "$(inherited) @executable_path/Frameworks";
				PRODUCT_BUNDLE_IDENTIFIER = com.somoplay.LearnPods;
				PRODUCT_NAME = "$(TARGET_NAME)";
				SWIFT_VERSION = 3.0;
			};
			name = Release;
		};
/* End XCBuildConfiguration section */

/* Begin XCConfigurationList section */
		E4017FE81EDC4F2C008FD4C2 /* Build configuration list for PBXProject "LearnPods" */ = {
			isa = XCConfigurationList;
			buildConfigurations = (
				E4017FFD1EDC4F2C008FD4C2 /* Debug */,
				E4017FFE1EDC4F2C008FD4C2 /* Release */,
			);
			defaultConfigurationIsVisible = 0;
			defaultConfigurationName = Release;
		};
		E4017FFF1EDC4F2C008FD4C2 /* Build configuration list for PBXNativeTarget "LearnPods" */ = {
			isa = XCConfigurationList;
			buildConfigurations = (
				E40180001EDC4F2C008FD4C2 /* Debug */,
				E40180011EDC4F2C008FD4C2 /* Release */,
			);
			defaultConfigurationIsVisible = 0;
			defaultConfigurationName = Release;
		};
/* End XCConfigurationList section */

/* Begin XCVersionGroup section */
		79C90A1F1FC68C9A0030C058 /* LearnPodsData.xcdatamodeld */ = {
			isa = XCVersionGroup;
			children = (
				79C90A201FC68C9A0030C058 /* LearnPodsData.xcdatamodel */,
			);
			currentVersion = 79C90A201FC68C9A0030C058 /* LearnPodsData.xcdatamodel */;
			path = LearnPodsData.xcdatamodeld;
			sourceTree = "<group>";
			versionGroupType = wrapper.xcdatamodel;
		};
/* End XCVersionGroup section */
	};
	rootObject = E4017FE51EDC4F2C008FD4C2 /* Project object */;
}
